
Microsoft Visual Studio Solution File, Format Version 12.00
# Visual Studio Version 16
VisualStudioVersion = 16.0.30907.101
MinimumVisualStudioVersion = 10.0.40219.1
Project("{FAE04EC0-301F-11D3-BF4B-00C04F79EFBC}") = "P-Dennis-ITE-370-101-Exam-Part2", "P-Dennis-ITE-370-101-Exam-Part2\P-Dennis-ITE-370-101-Exam-Part2.csproj", "{463E976A-9443-4600-A3AE-7238B314236E}"
EndProject
Global
	GlobalSection(SolutionConfigurationPlatforms) = preSolution
		Debug|Any CPU = Debug|Any CPU
		Release|Any CPU = Release|Any CPU
	EndGlobalSection
	GlobalSection(ProjectConfigurationPlatforms) = postSolution
		{463E976A-9443-4600-A3AE-7238B314236E}.Debug|Any CPU.ActiveCfg = Debug|Any CPU
		{463E976A-9443-4600-A3AE-7238B314236E}.Debug|Any CPU.Build.0 = Debug|Any CPU
		{463E976A-9443-4600-A3AE-7238B314236E}.Release|Any CPU.ActiveCfg = Release|Any CPU
		{463E976A-9443-4600-A3AE-7238B314236E}.Release|Any CPU.Build.0 = Release|Any CPU
	EndGlobalSection
	GlobalSection(SolutionProperties) = preSolution
		HideSolutionNode = FALSE
	EndGlobalSection
	GlobalSection(ExtensibilityGlobals) = postSolution
		SolutionGuid = {7F8B8184-C0BB-45FF-8920-EBA93BD4E5CA}
	EndGlobalSection
EndGlobal
